
Microsoft Visual Studio Solution File, Format Version 12.00
# Visual Studio Version 16
VisualStudioVersion = 16.0.29123.88
MinimumVisualStudioVersion = 10.0.40219.1
Project("{8BC9CEB8-8B4A-11D0-8D11-00A0C91BC942}") = "10869", "10869\10869.vcxproj", "{592B0F02-9803-4F38-A0F4-E5953BD40706}"
EndProject
Project("{8BC9CEB8-8B4A-11D0-8D11-00A0C91BC942}") = "10817", "10817\10817.vcxproj", "{C77156BD-2D01-4F34-9BA5-7DAE5D2130FE}"
EndProject
Project("{8BC9CEB8-8B4A-11D0-8D11-00A0C91BC942}") = "10950", "10950\10950.vcxproj", "{92B52C3B-4B01-47B1-BDF2-A6B9D2584B9E}"
EndProject
Project("{8BC9CEB8-8B4A-11D0-8D11-00A0C91BC942}") = "10998", "10998\10998.vcxproj", "{CDB82071-C20C-4971-9A05-7EBA7866D6AE}"
EndProject
Project("{8BC9CEB8-8B4A-11D0-8D11-00A0C91BC942}") = "7287", "7287\7287.vcxproj", "{1AB2ABE2-3248-4358-AA05-BB71CC34907E}"
EndProject
Project("{8BC9CEB8-8B4A-11D0-8D11-00A0C91BC942}") = "2588", "2588\2588.vcxproj", "{66AE19AF-C66F-4640-917D-9006EE42F77F}"
EndProject
Project("{8BC9CEB8-8B4A-11D0-8D11-00A0C91BC942}") = "1008", "1008\1008.vcxproj", "{B943BCAA-3569-4B63-AB84-6B264C2C3629}"
EndProject
Project("{8BC9CEB8-8B4A-11D0-8D11-00A0C91BC942}") = "1330", "1330\1330.vcxproj", "{00EAB2CC-2581-4EA5-92C9-4C659793AAD7}"
EndProject
Project("{8BC9CEB8-8B4A-11D0-8D11-00A0C91BC942}") = "10172", "10172\10172.vcxproj", "{27A0E5CD-C432-47C1-B071-11AA315E42CF}"
EndProject
Project("{8BC9CEB8-8B4A-11D0-8D11-00A0C91BC942}") = "2739", "2739\2739.vcxproj", "{5EC02BAB-396C-40D7-A0EA-121CE2B127AE}"
EndProject
Project("{8BC9CEB8-8B4A-11D0-8D11-00A0C91BC942}") = "2884", "2884\2884.vcxproj", "{EB5868F0-D14A-4403-94A3-9B7B159A3607}"
EndProject
Project("{8BC9CEB8-8B4A-11D0-8D11-00A0C91BC942}") = "2753", "2753\2753.vcxproj", "{621BBAF3-681F-4AB8-A485-B4AFC76EAB43}"
EndProject
Project("{8BC9CEB8-8B4A-11D0-8D11-00A0C91BC942}") = "10430", "10430\10430.vcxproj", "{A5E3D370-248F-4915-9080-BD7F331A3C88}"
EndProject
Project("{8BC9CEB8-8B4A-11D0-8D11-00A0C91BC942}") = "9498", "9498\9498.vcxproj", "{1218AE7C-6775-4137-A871-EFC036BDFE82}"
EndProject
Project("{8BC9CEB8-8B4A-11D0-8D11-00A0C91BC942}") = "1001", "1001\1001.vcxproj", "{6D1C67B1-0A2C-4C5F-AB7A-A7935F19CF71}"
EndProject
Project("{8BC9CEB8-8B4A-11D0-8D11-00A0C91BC942}") = "1712", "1712\1712.vcxproj", "{AB1E3100-E2E5-486E-912C-42E00B048407}"
EndProject
Project("{8BC9CEB8-8B4A-11D0-8D11-00A0C91BC942}") = "1193", "1193\1193.vcxproj", "{D0AD9E3C-D32E-4EFE-B9C3-8182B5F1ABD0}"
EndProject
Project("{8BC9CEB8-8B4A-11D0-8D11-00A0C91BC942}") = "2292", "2292\2292.vcxproj", "{C98B082B-92BA-4C2C-A19F-6A52341EB2BB}"
EndProject
Project("{8BC9CEB8-8B4A-11D0-8D11-00A0C91BC942}") = "2839", "2839\2839.vcxproj", "{7F9D4DC3-8E70-44BD-9D04-BE98FF5DFD5E}"
EndProject
Project("{8BC9CEB8-8B4A-11D0-8D11-00A0C91BC942}") = "10171", "10171\10171.vcxproj", "{F68FB682-2E9B-4827-8C58-60B4CB073EBF}"
EndProject
Project("{8BC9CEB8-8B4A-11D0-8D11-00A0C91BC942}") = "10718", "10718\10718.vcxproj", "{3BED6148-E1B7-4A73-94AC-7789A575A34B}"
EndProject
Project("{8BC9CEB8-8B4A-11D0-8D11-00A0C91BC942}") = "2557", "2557\2557.vcxproj", "{C3A8A421-0893-4B1A-847D-E1C45A9A1F3E}"
EndProject
Project("{8BC9CEB8-8B4A-11D0-8D11-00A0C91BC942}") = "1000", "1000\1000.vcxproj", "{BAD80DD1-C9DB-4DB7-BF4B-64EC410F6BB0}"
EndProject
Project("{8BC9CEB8-8B4A-11D0-8D11-00A0C91BC942}") = "8393", "8393\8393.vcxproj", "{14D25066-1E61-46BD-A939-CB41AEDB16F8}"
EndProject
Project("{8BC9CEB8-8B4A-11D0-8D11-00A0C91BC942}") = "15552", "15552\15552.vcxproj", "{9EFF9DDD-D15B-4EFE-A9E2-DCDC56818728}"
EndProject
Project("{8BC9CEB8-8B4A-11D0-8D11-00A0C91BC942}") = "2741", "2741\2741.vcxproj", "{5B2484E7-E998-4820-B173-A5AE0A4F7B9C}"
EndProject
Project("{8BC9CEB8-8B4A-11D0-8D11-00A0C91BC942}") = "2742", "2742\2742.vcxproj", "{1D00EDD4-B681-4A19-94DC-E92DFA16D08B}"
EndProject
Project("{8BC9CEB8-8B4A-11D0-8D11-00A0C91BC942}") = "11021", "11021\11021.vcxproj", "{8A027267-B351-4735-BBEE-40621AE82C6F}"
EndProject
Project("{8BC9CEB8-8B4A-11D0-8D11-00A0C91BC942}") = "11022", "11022\11022.vcxproj", "{BCD30E01-360C-4B90-94E4-27D58BDE211C}"
EndProject
Project("{8BC9CEB8-8B4A-11D0-8D11-00A0C91BC942}") = "2438", "2438\2438.vcxproj", "{78B29CBF-030E-48F8-AA58-3314BA3DEDAE}"
EndProject
Project("{8BC9CEB8-8B4A-11D0-8D11-00A0C91BC942}") = "2439", "2439\2439.vcxproj", "{17EEA5EA-F67A-446E-A929-B1B5E78C4A11}"
EndProject
Project("{8BC9CEB8-8B4A-11D0-8D11-00A0C91BC942}") = "10871", "10871\10871.vcxproj", "{20D80A2C-6E58-46F4-B1D2-FF6C48999FFD}"
EndProject
Project("{8BC9CEB8-8B4A-11D0-8D11-00A0C91BC942}") = "10952", "10952\10952.vcxproj", "{C4A2BB72-02C5-4FBA-AFDF-28B549B47BA3}"
EndProject
Project("{8BC9CEB8-8B4A-11D0-8D11-00A0C91BC942}") = "10951", "10951\10951.vcxproj", "{43EAB8BD-75AD-4A6B-AC76-D771FFCFD186}"
EndProject
Project("{8BC9CEB8-8B4A-11D0-8D11-00A0C91BC942}") = "1463", "1463\1463.vcxproj", "{7B6A8E75-BC0F-458F-B822-D631B852329C}"
EndProject
Project("{8BC9CEB8-8B4A-11D0-8D11-00A0C91BC942}") = "1110", "1110\1110.vcxproj", "{B045CE22-CEC9-44B3-ACD7-5B023FACFE7A}"
EndProject
Project("{8BC9CEB8-8B4A-11D0-8D11-00A0C91BC942}") = "10818", "10818\10818.vcxproj", "{E6E4227D-2911-4535-8145-5AC163F6BA4F}"
EndProject
Project("{8BC9CEB8-8B4A-11D0-8D11-00A0C91BC942}") = "2562", "2562\2562.vcxproj", "{9AE5A957-ED89-4C7F-9AA6-AB6DEC9B42A2}"
EndProject
Project("{8BC9CEB8-8B4A-11D0-8D11-00A0C91BC942}") = "2920", "2920\2920.vcxproj", "{DB408DB4-48A6-46C1-A3D0-AF5098F6E63B}"
EndProject
Project("{8BC9CEB8-8B4A-11D0-8D11-00A0C91BC942}") = "2577", "2577\2577.vcxproj", "{F3C30A10-4DA0-4470-BE0F-9016E107F299}"
EndProject
Project("{8BC9CEB8-8B4A-11D0-8D11-00A0C91BC942}") = "1546", "1546\1546.vcxproj", "{35BE0C63-FFED-421D-B357-14AB97A14231}"
EndProject
Project("{8BC9CEB8-8B4A-11D0-8D11-00A0C91BC942}") = "2750", "2750\2750.vcxproj", "{CB2FB2FA-9F25-402E-9DD2-D60A002E914E}"
EndProject
Project("{8BC9CEB8-8B4A-11D0-8D11-00A0C91BC942}") = "10828", "10828\10828.vcxproj", "{ED94AE2C-C42A-48AA-9A7C-42D1961A08A0}"
EndProject
Project("{8BC9CEB8-8B4A-11D0-8D11-00A0C91BC942}") = "8958", "8958\8958.vcxproj", "{26AC7064-F9B8-48C6-9499-909BFDF925AD}"
EndProject
Project("{8BC9CEB8-8B4A-11D0-8D11-00A0C91BC942}") = "1912", "1912\1912.vcxproj", "{DB757A57-6C2C-4F3E-9F12-9BD5C477CCE0}"
EndProject
Project("{8BC9CEB8-8B4A-11D0-8D11-00A0C91BC942}") = "3052", "3051\Project1.vcxproj", "{AB17ECDA-4498-4966-98A4-00BC2AA8C050}"
EndProject
Project("{8BC9CEB8-8B4A-11D0-8D11-00A0C91BC942}") = "4344", "4344\4344.vcxproj", "{43A138B7-2B11-42CE-ABB1-BC47BC7BECD6}"
EndProject
Project("{8BC9CEB8-8B4A-11D0-8D11-00A0C91BC942}") = "15596", "15596\15596.vcxproj", "{07ED9F66-785B-4E88-B7D2-C59C4649D780}"
EndProject
Project("{8BC9CEB8-8B4A-11D0-8D11-00A0C91BC942}") = "4673", "4673\4673.vcxproj", "{CDEB757C-1B0D-48FE-B546-5A114C748340}"
EndProject
Project("{8BC9CEB8-8B4A-11D0-8D11-00A0C91BC942}") = "1065", "1065\1065.vcxproj", "{537876A8-BB18-4579-873F-DCE8B031FF31}"
EndProject
Project("{8BC9CEB8-8B4A-11D0-8D11-00A0C91BC942}") = "2869", "2869\2869.vcxproj", "{7B8D03C2-7794-41F1-B160-30335766604F}"
EndProject
Project("{8BC9CEB8-8B4A-11D0-8D11-00A0C91BC942}") = "14681", "14681\14681.vcxproj", "{6690F794-C8C9-4120-B390-487319F56940}"
EndProject
Project("{8BC9CEB8-8B4A-11D0-8D11-00A0C91BC942}") = "10250", "10250\10250.vcxproj", "{EF964242-0599-4CDE-A3FC-124BBACDED86}"
EndProject
Project("{8BC9CEB8-8B4A-11D0-8D11-00A0C91BC942}") = "2775", "2775\2775.vcxproj", "{66F11672-2E8C-428F-A3F9-F2287FE477E7}"
EndProject
Project("{8BC9CEB8-8B4A-11D0-8D11-00A0C91BC942}") = "1011", "1011\1011.vcxproj", "{0487FD89-51E7-4CE2-B37B-6E10FAEFCD9D}"
EndProject
Project("{8BC9CEB8-8B4A-11D0-8D11-00A0C91BC942}") = "2523", "2523\2523.vcxproj", "{67DC509C-B114-4716-9E72-3225C2795A00}"
EndProject
Project("{8BC9CEB8-8B4A-11D0-8D11-00A0C91BC942}") = "10039", "10039\10039.vcxproj", "{CE0B68FA-61D4-42C3-A64C-888AA8F1D046}"
EndProject
Project("{8BC9CEB8-8B4A-11D0-8D11-00A0C91BC942}") = "5543", "5543\5543.vcxproj", "{375D2A35-E481-449E-92D0-9B4C3165A642}"
EndProject
Project("{8BC9CEB8-8B4A-11D0-8D11-00A0C91BC942}") = "10797", "10797\10797.vcxproj", "{11063B63-9084-49CA-BB4E-69D8ED87ACB8}"
EndProject
Project("{8BC9CEB8-8B4A-11D0-8D11-00A0C91BC942}") = "10798", "10798\10798.vcxproj", "{289CAB52-0C78-4274-9473-57270EAEB225}"
EndProject
Project("{8BC9CEB8-8B4A-11D0-8D11-00A0C91BC942}") = "10799", "10799\10799.vcxproj", "{17EA184F-4190-4520-A87F-9EA4CE19E917}"
EndProject
Project("{8BC9CEB8-8B4A-11D0-8D11-00A0C91BC942}") = "2133", "2133\2133.vcxproj", "{738FB43D-2215-4A6D-9589-60116639AC01}"
EndProject
Project("{8BC9CEB8-8B4A-11D0-8D11-00A0C91BC942}") = "2309", "2309\2309.vcxproj", "{3296DEEF-6322-4995-BE1E-C02908C0C97E}"
EndProject
Project("{8BC9CEB8-8B4A-11D0-8D11-00A0C91BC942}") = "4796", "4796\4796.vcxproj", "{D214624D-A994-41D8-8CE1-1DA777856556}"
EndProject
Project("{8BC9CEB8-8B4A-11D0-8D11-00A0C91BC942}") = "3085", "3085\3085.vcxproj", "{BB9D0292-5BA2-481E-AC0F-0DBFCE0D9F0C}"
EndProject
Global
	GlobalSection(SolutionConfigurationPlatforms) = preSolution
		Debug|x64 = Debug|x64
		Debug|x86 = Debug|x86
		Release|x64 = Release|x64
		Release|x86 = Release|x86
	EndGlobalSection
	GlobalSection(ProjectConfigurationPlatforms) = postSolution
		{592B0F02-9803-4F38-A0F4-E5953BD40706}.Debug|x64.ActiveCfg = Debug|x64
		{592B0F02-9803-4F38-A0F4-E5953BD40706}.Debug|x64.Build.0 = Debug|x64
		{592B0F02-9803-4F38-A0F4-E5953BD40706}.Debug|x86.ActiveCfg = Debug|Win32
		{592B0F02-9803-4F38-A0F4-E5953BD40706}.Debug|x86.Build.0 = Debug|Win32
		{592B0F02-9803-4F38-A0F4-E5953BD40706}.Release|x64.ActiveCfg = Release|x64
		{592B0F02-9803-4F38-A0F4-E5953BD40706}.Release|x64.Build.0 = Release|x64
		{592B0F02-9803-4F38-A0F4-E5953BD40706}.Release|x86.ActiveCfg = Release|Win32
		{592B0F02-9803-4F38-A0F4-E5953BD40706}.Release|x86.Build.0 = Release|Win32
		{C77156BD-2D01-4F34-9BA5-7DAE5D2130FE}.Debug|x64.ActiveCfg = Debug|x64
		{C77156BD-2D01-4F34-9BA5-7DAE5D2130FE}.Debug|x64.Build.0 = Debug|x64
		{C77156BD-2D01-4F34-9BA5-7DAE5D2130FE}.Debug|x86.ActiveCfg = Debug|Win32
		{C77156BD-2D01-4F34-9BA5-7DAE5D2130FE}.Debug|x86.Build.0 = Debug|Win32
		{C77156BD-2D01-4F34-9BA5-7DAE5D2130FE}.Release|x64.ActiveCfg = Release|x64
		{C77156BD-2D01-4F34-9BA5-7DAE5D2130FE}.Release|x64.Build.0 = Release|x64
		{C77156BD-2D01-4F34-9BA5-7DAE5D2130FE}.Release|x86.ActiveCfg = Release|Win32
		{C77156BD-2D01-4F34-9BA5-7DAE5D2130FE}.Release|x86.Build.0 = Release|Win32
		{92B52C3B-4B01-47B1-BDF2-A6B9D2584B9E}.Debug|x64.ActiveCfg = Debug|x64
		{92B52C3B-4B01-47B1-BDF2-A6B9D2584B9E}.Debug|x64.Build.0 = Debug|x64
		{92B52C3B-4B01-47B1-BDF2-A6B9D2584B9E}.Debug|x86.ActiveCfg = Debug|Win32
		{92B52C3B-4B01-47B1-BDF2-A6B9D2584B9E}.Debug|x86.Build.0 = Debug|Win32
		{92B52C3B-4B01-47B1-BDF2-A6B9D2584B9E}.Release|x64.ActiveCfg = Release|x64
		{92B52C3B-4B01-47B1-BDF2-A6B9D2584B9E}.Release|x64.Build.0 = Release|x64
		{92B52C3B-4B01-47B1-BDF2-A6B9D2584B9E}.Release|x86.ActiveCfg = Release|Win32
		{92B52C3B-4B01-47B1-BDF2-A6B9D2584B9E}.Release|x86.Build.0 = Release|Win32
		{CDB82071-C20C-4971-9A05-7EBA7866D6AE}.Debug|x64.ActiveCfg = Debug|x64
		{CDB82071-C20C-4971-9A05-7EBA7866D6AE}.Debug|x64.Build.0 = Debug|x64
		{CDB82071-C20C-4971-9A05-7EBA7866D6AE}.Debug|x86.ActiveCfg = Debug|Win32
		{CDB82071-C20C-4971-9A05-7EBA7866D6AE}.Debug|x86.Build.0 = Debug|Win32
		{CDB82071-C20C-4971-9A05-7EBA7866D6AE}.Release|x64.ActiveCfg = Release|x64
		{CDB82071-C20C-4971-9A05-7EBA7866D6AE}.Release|x64.Build.0 = Release|x64
		{CDB82071-C20C-4971-9A05-7EBA7866D6AE}.Release|x86.ActiveCfg = Release|Win32
		{CDB82071-C20C-4971-9A05-7EBA7866D6AE}.Release|x86.Build.0 = Release|Win32
		{1AB2ABE2-3248-4358-AA05-BB71CC34907E}.Debug|x64.ActiveCfg = Debug|x64
		{1AB2ABE2-3248-4358-AA05-BB71CC34907E}.Debug|x64.Build.0 = Debug|x64
		{1AB2ABE2-3248-4358-AA05-BB71CC34907E}.Debug|x86.ActiveCfg = Debug|Win32
		{1AB2ABE2-3248-4358-AA05-BB71CC34907E}.Debug|x86.Build.0 = Debug|Win32
		{1AB2ABE2-3248-4358-AA05-BB71CC34907E}.Release|x64.ActiveCfg = Release|x64
		{1AB2ABE2-3248-4358-AA05-BB71CC34907E}.Release|x64.Build.0 = Release|x64
		{1AB2ABE2-3248-4358-AA05-BB71CC34907E}.Release|x86.ActiveCfg = Release|Win32
		{1AB2ABE2-3248-4358-AA05-BB71CC34907E}.Release|x86.Build.0 = Release|Win32
		{66AE19AF-C66F-4640-917D-9006EE42F77F}.Debug|x64.ActiveCfg = Debug|x64
		{66AE19AF-C66F-4640-917D-9006EE42F77F}.Debug|x64.Build.0 = Debug|x64
		{66AE19AF-C66F-4640-917D-9006EE42F77F}.Debug|x86.ActiveCfg = Debug|Win32
		{66AE19AF-C66F-4640-917D-9006EE42F77F}.Debug|x86.Build.0 = Debug|Win32
		{66AE19AF-C66F-4640-917D-9006EE42F77F}.Release|x64.ActiveCfg = Release|x64
		{66AE19AF-C66F-4640-917D-9006EE42F77F}.Release|x64.Build.0 = Release|x64
		{66AE19AF-C66F-4640-917D-9006EE42F77F}.Release|x86.ActiveCfg = Release|Win32
		{66AE19AF-C66F-4640-917D-9006EE42F77F}.Release|x86.Build.0 = Release|Win32
		{B943BCAA-3569-4B63-AB84-6B264C2C3629}.Debug|x64.ActiveCfg = Debug|x64
		{B943BCAA-3569-4B63-AB84-6B264C2C3629}.Debug|x64.Build.0 = Debug|x64
		{B943BCAA-3569-4B63-AB84-6B264C2C3629}.Debug|x86.ActiveCfg = Debug|Win32
		{B943BCAA-3569-4B63-AB84-6B264C2C3629}.Debug|x86.Build.0 = Debug|Win32
		{B943BCAA-3569-4B63-AB84-6B264C2C3629}.Release|x64.ActiveCfg = Release|x64
		{B943BCAA-3569-4B63-AB84-6B264C2C3629}.Release|x64.Build.0 = Release|x64
		{B943BCAA-3569-4B63-AB84-6B264C2C3629}.Release|x86.ActiveCfg = Release|Win32
		{B943BCAA-3569-4B63-AB84-6B264C2C3629}.Release|x86.Build.0 = Release|Win32
		{00EAB2CC-2581-4EA5-92C9-4C659793AAD7}.Debug|x64.ActiveCfg = Debug|x64
		{00EAB2CC-2581-4EA5-92C9-4C659793AAD7}.Debug|x64.Build.0 = Debug|x64
		{00EAB2CC-2581-4EA5-92C9-4C659793AAD7}.Debug|x86.ActiveCfg = Debug|Win32
		{00EAB2CC-2581-4EA5-92C9-4C659793AAD7}.Debug|x86.Build.0 = Debug|Win32
		{00EAB2CC-2581-4EA5-92C9-4C659793AAD7}.Release|x64.ActiveCfg = Release|x64
		{00EAB2CC-2581-4EA5-92C9-4C659793AAD7}.Release|x64.Build.0 = Release|x64
		{00EAB2CC-2581-4EA5-92C9-4C659793AAD7}.Release|x86.ActiveCfg = Release|Win32
		{00EAB2CC-2581-4EA5-92C9-4C659793AAD7}.Release|x86.Build.0 = Release|Win32
		{27A0E5CD-C432-47C1-B071-11AA315E42CF}.Debug|x64.ActiveCfg = Debug|x64
		{27A0E5CD-C432-47C1-B071-11AA315E42CF}.Debug|x64.Build.0 = Debug|x64
		{27A0E5CD-C432-47C1-B071-11AA315E42CF}.Debug|x86.ActiveCfg = Debug|Win32
		{27A0E5CD-C432-47C1-B071-11AA315E42CF}.Debug|x86.Build.0 = Debug|Win32
		{27A0E5CD-C432-47C1-B071-11AA315E42CF}.Release|x64.ActiveCfg = Release|x64
		{27A0E5CD-C432-47C1-B071-11AA315E42CF}.Release|x64.Build.0 = Release|x64
		{27A0E5CD-C432-47C1-B071-11AA315E42CF}.Release|x86.ActiveCfg = Release|Win32
		{27A0E5CD-C432-47C1-B071-11AA315E42CF}.Release|x86.Build.0 = Release|Win32
		{5EC02BAB-396C-40D7-A0EA-121CE2B127AE}.Debug|x64.ActiveCfg = Debug|x64
		{5EC02BAB-396C-40D7-A0EA-121CE2B127AE}.Debug|x64.Build.0 = Debug|x64
		{5EC02BAB-396C-40D7-A0EA-121CE2B127AE}.Debug|x86.ActiveCfg = Debug|Win32
		{5EC02BAB-396C-40D7-A0EA-121CE2B127AE}.Debug|x86.Build.0 = Debug|Win32
		{5EC02BAB-396C-40D7-A0EA-121CE2B127AE}.Release|x64.ActiveCfg = Release|x64
		{5EC02BAB-396C-40D7-A0EA-121CE2B127AE}.Release|x64.Build.0 = Release|x64
		{5EC02BAB-396C-40D7-A0EA-121CE2B127AE}.Release|x86.ActiveCfg = Release|Win32
		{5EC02BAB-396C-40D7-A0EA-121CE2B127AE}.Release|x86.Build.0 = Release|Win32
		{EB5868F0-D14A-4403-94A3-9B7B159A3607}.Debug|x64.ActiveCfg = Debug|x64
		{EB5868F0-D14A-4403-94A3-9B7B159A3607}.Debug|x64.Build.0 = Debug|x64
		{EB5868F0-D14A-4403-94A3-9B7B159A3607}.Debug|x86.ActiveCfg = Debug|Win32
		{EB5868F0-D14A-4403-94A3-9B7B159A3607}.Debug|x86.Build.0 = Debug|Win32
		{EB5868F0-D14A-4403-94A3-9B7B159A3607}.Release|x64.ActiveCfg = Release|x64
		{EB5868F0-D14A-4403-94A3-9B7B159A3607}.Release|x64.Build.0 = Release|x64
		{EB5868F0-D14A-4403-94A3-9B7B159A3607}.Release|x86.ActiveCfg = Release|Win32
		{EB5868F0-D14A-4403-94A3-9B7B159A3607}.Release|x86.Build.0 = Release|Win32
		{621BBAF3-681F-4AB8-A485-B4AFC76EAB43}.Debug|x64.ActiveCfg = Debug|x64
		{621BBAF3-681F-4AB8-A485-B4AFC76EAB43}.Debug|x64.Build.0 = Debug|x64
		{621BBAF3-681F-4AB8-A485-B4AFC76EAB43}.Debug|x86.ActiveCfg = Debug|Win32
		{621BBAF3-681F-4AB8-A485-B4AFC76EAB43}.Debug|x86.Build.0 = Debug|Win32
		{621BBAF3-681F-4AB8-A485-B4AFC76EAB43}.Release|x64.ActiveCfg = Release|x64
		{621BBAF3-681F-4AB8-A485-B4AFC76EAB43}.Release|x64.Build.0 = Release|x64
		{621BBAF3-681F-4AB8-A485-B4AFC76EAB43}.Release|x86.ActiveCfg = Release|Win32
		{621BBAF3-681F-4AB8-A485-B4AFC76EAB43}.Release|x86.Build.0 = Release|Win32
		{A5E3D370-248F-4915-9080-BD7F331A3C88}.Debug|x64.ActiveCfg = Debug|x64
		{A5E3D370-248F-4915-9080-BD7F331A3C88}.Debug|x64.Build.0 = Debug|x64
		{A5E3D370-248F-4915-9080-BD7F331A3C88}.Debug|x86.ActiveCfg = Debug|Win32
		{A5E3D370-248F-4915-9080-BD7F331A3C88}.Debug|x86.Build.0 = Debug|Win32
		{A5E3D370-248F-4915-9080-BD7F331A3C88}.Release|x64.ActiveCfg = Release|x64
		{A5E3D370-248F-4915-9080-BD7F331A3C88}.Release|x64.Build.0 = Release|x64
		{A5E3D370-248F-4915-9080-BD7F331A3C88}.Release|x86.ActiveCfg = Release|Win32
		{A5E3D370-248F-4915-9080-BD7F331A3C88}.Release|x86.Build.0 = Release|Win32
		{1218AE7C-6775-4137-A871-EFC036BDFE82}.Debug|x64.ActiveCfg = Debug|x64
		{1218AE7C-6775-4137-A871-EFC036BDFE82}.Debug|x64.Build.0 = Debug|x64
		{1218AE7C-6775-4137-A871-EFC036BDFE82}.Debug|x86.ActiveCfg = Debug|Win32
		{1218AE7C-6775-4137-A871-EFC036BDFE82}.Debug|x86.Build.0 = Debug|Win32
		{1218AE7C-6775-4137-A871-EFC036BDFE82}.Release|x64.ActiveCfg = Release|x64
		{1218AE7C-6775-4137-A871-EFC036BDFE82}.Release|x64.Build.0 = Release|x64
		{1218AE7C-6775-4137-A871-EFC036BDFE82}.Release|x86.ActiveCfg = Release|Win32
		{1218AE7C-6775-4137-A871-EFC036BDFE82}.Release|x86.Build.0 = Release|Win32
		{6D1C67B1-0A2C-4C5F-AB7A-A7935F19CF71}.Debug|x64.ActiveCfg = Debug|x64
		{6D1C67B1-0A2C-4C5F-AB7A-A7935F19CF71}.Debug|x64.Build.0 = Debug|x64
		{6D1C67B1-0A2C-4C5F-AB7A-A7935F19CF71}.Debug|x86.ActiveCfg = Debug|Win32
		{6D1C67B1-0A2C-4C5F-AB7A-A7935F19CF71}.Debug|x86.Build.0 = Debug|Win32
		{6D1C67B1-0A2C-4C5F-AB7A-A7935F19CF71}.Release|x64.ActiveCfg = Release|x64
		{6D1C67B1-0A2C-4C5F-AB7A-A7935F19CF71}.Release|x64.Build.0 = Release|x64
		{6D1C67B1-0A2C-4C5F-AB7A-A7935F19CF71}.Release|x86.ActiveCfg = Release|Win32
		{6D1C67B1-0A2C-4C5F-AB7A-A7935F19CF71}.Release|x86.Build.0 = Release|Win32
		{AB1E3100-E2E5-486E-912C-42E00B048407}.Debug|x64.ActiveCfg = Debug|x64
		{AB1E3100-E2E5-486E-912C-42E00B048407}.Debug|x64.Build.0 = Debug|x64
		{AB1E3100-E2E5-486E-912C-42E00B048407}.Debug|x86.ActiveCfg = Debug|Win32
		{AB1E3100-E2E5-486E-912C-42E00B048407}.Debug|x86.Build.0 = Debug|Win32
		{AB1E3100-E2E5-486E-912C-42E00B048407}.Release|x64.ActiveCfg = Release|x64
		{AB1E3100-E2E5-486E-912C-42E00B048407}.Release|x64.Build.0 = Release|x64
		{AB1E3100-E2E5-486E-912C-42E00B048407}.Release|x86.ActiveCfg = Release|Win32
		{AB1E3100-E2E5-486E-912C-42E00B048407}.Release|x86.Build.0 = Release|Win32
		{D0AD9E3C-D32E-4EFE-B9C3-8182B5F1ABD0}.Debug|x64.ActiveCfg = Debug|x64
		{D0AD9E3C-D32E-4EFE-B9C3-8182B5F1ABD0}.Debug|x64.Build.0 = Debug|x64
		{D0AD9E3C-D32E-4EFE-B9C3-8182B5F1ABD0}.Debug|x86.ActiveCfg = Debug|Win32
		{D0AD9E3C-D32E-4EFE-B9C3-8182B5F1ABD0}.Debug|x86.Build.0 = Debug|Win32
		{D0AD9E3C-D32E-4EFE-B9C3-8182B5F1ABD0}.Release|x64.ActiveCfg = Release|x64
		{D0AD9E3C-D32E-4EFE-B9C3-8182B5F1ABD0}.Release|x64.Build.0 = Release|x64
		{D0AD9E3C-D32E-4EFE-B9C3-8182B5F1ABD0}.Release|x86.ActiveCfg = Release|Win32
		{D0AD9E3C-D32E-4EFE-B9C3-8182B5F1ABD0}.Release|x86.Build.0 = Release|Win32
		{C98B082B-92BA-4C2C-A19F-6A52341EB2BB}.Debug|x64.ActiveCfg = Debug|x64
		{C98B082B-92BA-4C2C-A19F-6A52341EB2BB}.Debug|x64.Build.0 = Debug|x64
		{C98B082B-92BA-4C2C-A19F-6A52341EB2BB}.Debug|x86.ActiveCfg = Debug|Win32
		{C98B082B-92BA-4C2C-A19F-6A52341EB2BB}.Debug|x86.Build.0 = Debug|Win32
		{C98B082B-92BA-4C2C-A19F-6A52341EB2BB}.Release|x64.ActiveCfg = Release|x64
		{C98B082B-92BA-4C2C-A19F-6A52341EB2BB}.Release|x64.Build.0 = Release|x64
		{C98B082B-92BA-4C2C-A19F-6A52341EB2BB}.Release|x86.ActiveCfg = Release|Win32
		{C98B082B-92BA-4C2C-A19F-6A52341EB2BB}.Release|x86.Build.0 = Release|Win32
		{7F9D4DC3-8E70-44BD-9D04-BE98FF5DFD5E}.Debug|x64.ActiveCfg = Debug|x64
		{7F9D4DC3-8E70-44BD-9D04-BE98FF5DFD5E}.Debug|x64.Build.0 = Debug|x64
		{7F9D4DC3-8E70-44BD-9D04-BE98FF5DFD5E}.Debug|x86.ActiveCfg = Debug|Win32
		{7F9D4DC3-8E70-44BD-9D04-BE98FF5DFD5E}.Debug|x86.Build.0 = Debug|Win32
		{7F9D4DC3-8E70-44BD-9D04-BE98FF5DFD5E}.Release|x64.ActiveCfg = Release|x64
		{7F9D4DC3-8E70-44BD-9D04-BE98FF5DFD5E}.Release|x64.Build.0 = Release|x64
		{7F9D4DC3-8E70-44BD-9D04-BE98FF5DFD5E}.Release|x86.ActiveCfg = Release|Win32
		{7F9D4DC3-8E70-44BD-9D04-BE98FF5DFD5E}.Release|x86.Build.0 = Release|Win32
		{F68FB682-2E9B-4827-8C58-60B4CB073EBF}.Debug|x64.ActiveCfg = Debug|x64
		{F68FB682-2E9B-4827-8C58-60B4CB073EBF}.Debug|x64.Build.0 = Debug|x64
		{F68FB682-2E9B-4827-8C58-60B4CB073EBF}.Debug|x86.ActiveCfg = Debug|Win32
		{F68FB682-2E9B-4827-8C58-60B4CB073EBF}.Debug|x86.Build.0 = Debug|Win32
		{F68FB682-2E9B-4827-8C58-60B4CB073EBF}.Release|x64.ActiveCfg = Release|x64
		{F68FB682-2E9B-4827-8C58-60B4CB073EBF}.Release|x64.Build.0 = Release|x64
		{F68FB682-2E9B-4827-8C58-60B4CB073EBF}.Release|x86.ActiveCfg = Release|Win32
		{F68FB682-2E9B-4827-8C58-60B4CB073EBF}.Release|x86.Build.0 = Release|Win32
		{3BED6148-E1B7-4A73-94AC-7789A575A34B}.Debug|x64.ActiveCfg = Debug|x64
		{3BED6148-E1B7-4A73-94AC-7789A575A34B}.Debug|x64.Build.0 = Debug|x64
		{3BED6148-E1B7-4A73-94AC-7789A575A34B}.Debug|x86.ActiveCfg = Debug|Win32
		{3BED6148-E1B7-4A73-94AC-7789A575A34B}.Debug|x86.Build.0 = Debug|Win32
		{3BED6148-E1B7-4A73-94AC-7789A575A34B}.Release|x64.ActiveCfg = Release|x64
		{3BED6148-E1B7-4A73-94AC-7789A575A34B}.Release|x64.Build.0 = Release|x64
		{3BED6148-E1B7-4A73-94AC-7789A575A34B}.Release|x86.ActiveCfg = Release|Win32
		{3BED6148-E1B7-4A73-94AC-7789A575A34B}.Release|x86.Build.0 = Release|Win32
		{C3A8A421-0893-4B1A-847D-E1C45A9A1F3E}.Debug|x64.ActiveCfg = Debug|x64
		{C3A8A421-0893-4B1A-847D-E1C45A9A1F3E}.Debug|x64.Build.0 = Debug|x64
		{C3A8A421-0893-4B1A-847D-E1C45A9A1F3E}.Debug|x86.ActiveCfg = Debug|Win32
		{C3A8A421-0893-4B1A-847D-E1C45A9A1F3E}.Debug|x86.Build.0 = Debug|Win32
		{C3A8A421-0893-4B1A-847D-E1C45A9A1F3E}.Release|x64.ActiveCfg = Release|x64
		{C3A8A421-0893-4B1A-847D-E1C45A9A1F3E}.Release|x64.Build.0 = Release|x64
		{C3A8A421-0893-4B1A-847D-E1C45A9A1F3E}.Release|x86.ActiveCfg = Release|Win32
		{C3A8A421-0893-4B1A-847D-E1C45A9A1F3E}.Release|x86.Build.0 = Release|Win32
		{BAD80DD1-C9DB-4DB7-BF4B-64EC410F6BB0}.Debug|x64.ActiveCfg = Debug|x64
		{BAD80DD1-C9DB-4DB7-BF4B-64EC410F6BB0}.Debug|x64.Build.0 = Debug|x64
		{BAD80DD1-C9DB-4DB7-BF4B-64EC410F6BB0}.Debug|x86.ActiveCfg = Debug|Win32
		{BAD80DD1-C9DB-4DB7-BF4B-64EC410F6BB0}.Debug|x86.Build.0 = Debug|Win32
		{BAD80DD1-C9DB-4DB7-BF4B-64EC410F6BB0}.Release|x64.ActiveCfg = Release|x64
		{BAD80DD1-C9DB-4DB7-BF4B-64EC410F6BB0}.Release|x64.Build.0 = Release|x64
		{BAD80DD1-C9DB-4DB7-BF4B-64EC410F6BB0}.Release|x86.ActiveCfg = Release|Win32
		{BAD80DD1-C9DB-4DB7-BF4B-64EC410F6BB0}.Release|x86.Build.0 = Release|Win32
		{14D25066-1E61-46BD-A939-CB41AEDB16F8}.Debug|x64.ActiveCfg = Debug|x64
		{14D25066-1E61-46BD-A939-CB41AEDB16F8}.Debug|x64.Build.0 = Debug|x64
		{14D25066-1E61-46BD-A939-CB41AEDB16F8}.Debug|x86.ActiveCfg = Debug|Win32
		{14D25066-1E61-46BD-A939-CB41AEDB16F8}.Debug|x86.Build.0 = Debug|Win32
		{14D25066-1E61-46BD-A939-CB41AEDB16F8}.Release|x64.ActiveCfg = Release|x64
		{14D25066-1E61-46BD-A939-CB41AEDB16F8}.Release|x64.Build.0 = Release|x64
		{14D25066-1E61-46BD-A939-CB41AEDB16F8}.Release|x86.ActiveCfg = Release|Win32
		{14D25066-1E61-46BD-A939-CB41AEDB16F8}.Release|x86.Build.0 = Release|Win32
		{9EFF9DDD-D15B-4EFE-A9E2-DCDC56818728}.Debug|x64.ActiveCfg = Debug|x64
		{9EFF9DDD-D15B-4EFE-A9E2-DCDC56818728}.Debug|x64.Build.0 = Debug|x64
		{9EFF9DDD-D15B-4EFE-A9E2-DCDC56818728}.Debug|x86.ActiveCfg = Debug|Win32
		{9EFF9DDD-D15B-4EFE-A9E2-DCDC56818728}.Debug|x86.Build.0 = Debug|Win32
		{9EFF9DDD-D15B-4EFE-A9E2-DCDC56818728}.Release|x64.ActiveCfg = Release|x64
		{9EFF9DDD-D15B-4EFE-A9E2-DCDC56818728}.Release|x64.Build.0 = Release|x64
		{9EFF9DDD-D15B-4EFE-A9E2-DCDC56818728}.Release|x86.ActiveCfg = Release|Win32
		{9EFF9DDD-D15B-4EFE-A9E2-DCDC56818728}.Release|x86.Build.0 = Release|Win32
		{5B2484E7-E998-4820-B173-A5AE0A4F7B9C}.Debug|x64.ActiveCfg = Debug|x64
		{5B2484E7-E998-4820-B173-A5AE0A4F7B9C}.Debug|x64.Build.0 = Debug|x64
		{5B2484E7-E998-4820-B173-A5AE0A4F7B9C}.Debug|x86.ActiveCfg = Debug|Win32
		{5B2484E7-E998-4820-B173-A5AE0A4F7B9C}.Debug|x86.Build.0 = Debug|Win32
		{5B2484E7-E998-4820-B173-A5AE0A4F7B9C}.Release|x64.ActiveCfg = Release|x64
		{5B2484E7-E998-4820-B173-A5AE0A4F7B9C}.Release|x64.Build.0 = Release|x64
		{5B2484E7-E998-4820-B173-A5AE0A4F7B9C}.Release|x86.ActiveCfg = Release|Win32
		{5B2484E7-E998-4820-B173-A5AE0A4F7B9C}.Release|x86.Build.0 = Release|Win32
		{1D00EDD4-B681-4A19-94DC-E92DFA16D08B}.Debug|x64.ActiveCfg = Debug|x64
		{1D00EDD4-B681-4A19-94DC-E92DFA16D08B}.Debug|x64.Build.0 = Debug|x64
		{1D00EDD4-B681-4A19-94DC-E92DFA16D08B}.Debug|x86.ActiveCfg = Debug|Win32
		{1D00EDD4-B681-4A19-94DC-E92DFA16D08B}.Debug|x86.Build.0 = Debug|Win32
		{1D00EDD4-B681-4A19-94DC-E92DFA16D08B}.Release|x64.ActiveCfg = Release|x64
		{1D00EDD4-B681-4A19-94DC-E92DFA16D08B}.Release|x64.Build.0 = Release|x64
		{1D00EDD4-B681-4A19-94DC-E92DFA16D08B}.Release|x86.ActiveCfg = Release|Win32
		{1D00EDD4-B681-4A19-94DC-E92DFA16D08B}.Release|x86.Build.0 = Release|Win32
		{8A027267-B351-4735-BBEE-40621AE82C6F}.Debug|x64.ActiveCfg = Debug|x64
		{8A027267-B351-4735-BBEE-40621AE82C6F}.Debug|x64.Build.0 = Debug|x64
		{8A027267-B351-4735-BBEE-40621AE82C6F}.Debug|x86.ActiveCfg = Debug|Win32
		{8A027267-B351-4735-BBEE-40621AE82C6F}.Debug|x86.Build.0 = Debug|Win32
		{8A027267-B351-4735-BBEE-40621AE82C6F}.Release|x64.ActiveCfg = Release|x64
		{8A027267-B351-4735-BBEE-40621AE82C6F}.Release|x64.Build.0 = Release|x64
		{8A027267-B351-4735-BBEE-40621AE82C6F}.Release|x86.ActiveCfg = Release|Win32
		{8A027267-B351-4735-BBEE-40621AE82C6F}.Release|x86.Build.0 = Release|Win32
		{BCD30E01-360C-4B90-94E4-27D58BDE211C}.Debug|x64.ActiveCfg = Debug|x64
		{BCD30E01-360C-4B90-94E4-27D58BDE211C}.Debug|x64.Build.0 = Debug|x64
		{BCD30E01-360C-4B90-94E4-27D58BDE211C}.Debug|x86.ActiveCfg = Debug|Win32
		{BCD30E01-360C-4B90-94E4-27D58BDE211C}.Debug|x86.Build.0 = Debug|Win32
		{BCD30E01-360C-4B90-94E4-27D58BDE211C}.Release|x64.ActiveCfg = Release|x64
		{BCD30E01-360C-4B90-94E4-27D58BDE211C}.Release|x64.Build.0 = Release|x64
		{BCD30E01-360C-4B90-94E4-27D58BDE211C}.Release|x86.ActiveCfg = Release|Win32
		{BCD30E01-360C-4B90-94E4-27D58BDE211C}.Release|x86.Build.0 = Release|Win32
		{78B29CBF-030E-48F8-AA58-3314BA3DEDAE}.Debug|x64.ActiveCfg = Debug|x64
		{78B29CBF-030E-48F8-AA58-3314BA3DEDAE}.Debug|x64.Build.0 = Debug|x64
		{78B29CBF-030E-48F8-AA58-3314BA3DEDAE}.Debug|x86.ActiveCfg = Debug|Win32
		{78B29CBF-030E-48F8-AA58-3314BA3DEDAE}.Debug|x86.Build.0 = Debug|Win32
		{78B29CBF-030E-48F8-AA58-3314BA3DEDAE}.Release|x64.ActiveCfg = Release|x64
		{78B29CBF-030E-48F8-AA58-3314BA3DEDAE}.Release|x64.Build.0 = Release|x64
		{78B29CBF-030E-48F8-AA58-3314BA3DEDAE}.Release|x86.ActiveCfg = Release|Win32
		{78B29CBF-030E-48F8-AA58-3314BA3DEDAE}.Release|x86.Build.0 = Release|Win32
		{17EEA5EA-F67A-446E-A929-B1B5E78C4A11}.Debug|x64.ActiveCfg = Debug|x64
		{17EEA5EA-F67A-446E-A929-B1B5E78C4A11}.Debug|x64.Build.0 = Debug|x64
		{17EEA5EA-F67A-446E-A929-B1B5E78C4A11}.Debug|x86.ActiveCfg = Debug|Win32
		{17EEA5EA-F67A-446E-A929-B1B5E78C4A11}.Debug|x86.Build.0 = Debug|Win32
		{17EEA5EA-F67A-446E-A929-B1B5E78C4A11}.Release|x64.ActiveCfg = Release|x64
		{17EEA5EA-F67A-446E-A929-B1B5E78C4A11}.Release|x64.Build.0 = Release|x64
		{17EEA5EA-F67A-446E-A929-B1B5E78C4A11}.Release|x86.ActiveCfg = Release|Win32
		{17EEA5EA-F67A-446E-A929-B1B5E78C4A11}.Release|x86.Build.0 = Release|Win32
		{20D80A2C-6E58-46F4-B1D2-FF6C48999FFD}.Debug|x64.ActiveCfg = Debug|x64
		{20D80A2C-6E58-46F4-B1D2-FF6C48999FFD}.Debug|x64.Build.0 = Debug|x64
		{20D80A2C-6E58-46F4-B1D2-FF6C48999FFD}.Debug|x86.ActiveCfg = Debug|Win32
		{20D80A2C-6E58-46F4-B1D2-FF6C48999FFD}.Debug|x86.Build.0 = Debug|Win32
		{20D80A2C-6E58-46F4-B1D2-FF6C48999FFD}.Release|x64.ActiveCfg = Release|x64
		{20D80A2C-6E58-46F4-B1D2-FF6C48999FFD}.Release|x64.Build.0 = Release|x64
		{20D80A2C-6E58-46F4-B1D2-FF6C48999FFD}.Release|x86.ActiveCfg = Release|Win32
		{20D80A2C-6E58-46F4-B1D2-FF6C48999FFD}.Release|x86.Build.0 = Release|Win32
		{C4A2BB72-02C5-4FBA-AFDF-28B549B47BA3}.Debug|x64.ActiveCfg = Debug|x64
		{C4A2BB72-02C5-4FBA-AFDF-28B549B47BA3}.Debug|x64.Build.0 = Debug|x64
		{C4A2BB72-02C5-4FBA-AFDF-28B549B47BA3}.Debug|x86.ActiveCfg = Debug|Win32
		{C4A2BB72-02C5-4FBA-AFDF-28B549B47BA3}.Debug|x86.Build.0 = Debug|Win32
		{C4A2BB72-02C5-4FBA-AFDF-28B549B47BA3}.Release|x64.ActiveCfg = Release|x64
		{C4A2BB72-02C5-4FBA-AFDF-28B549B47BA3}.Release|x64.Build.0 = Release|x64
		{C4A2BB72-02C5-4FBA-AFDF-28B549B47BA3}.Release|x86.ActiveCfg = Release|Win32
		{C4A2BB72-02C5-4FBA-AFDF-28B549B47BA3}.Release|x86.Build.0 = Release|Win32
		{43EAB8BD-75AD-4A6B-AC76-D771FFCFD186}.Debug|x64.ActiveCfg = Debug|x64
		{43EAB8BD-75AD-4A6B-AC76-D771FFCFD186}.Debug|x64.Build.0 = Debug|x64
		{43EAB8BD-75AD-4A6B-AC76-D771FFCFD186}.Debug|x86.ActiveCfg = Debug|Win32
		{43EAB8BD-75AD-4A6B-AC76-D771FFCFD186}.Debug|x86.Build.0 = Debug|Win32
		{43EAB8BD-75AD-4A6B-AC76-D771FFCFD186}.Release|x64.ActiveCfg = Release|x64
		{43EAB8BD-75AD-4A6B-AC76-D771FFCFD186}.Release|x64.Build.0 = Release|x64
		{43EAB8BD-75AD-4A6B-AC76-D771FFCFD186}.Release|x86.ActiveCfg = Release|Win32
		{43EAB8BD-75AD-4A6B-AC76-D771FFCFD186}.Release|x86.Build.0 = Release|Win32
		{7B6A8E75-BC0F-458F-B822-D631B852329C}.Debug|x64.ActiveCfg = Debug|x64
		{7B6A8E75-BC0F-458F-B822-D631B852329C}.Debug|x64.Build.0 = Debug|x64
		{7B6A8E75-BC0F-458F-B822-D631B852329C}.Debug|x86.ActiveCfg = Debug|Win32
		{7B6A8E75-BC0F-458F-B822-D631B852329C}.Debug|x86.Build.0 = Debug|Win32
		{7B6A8E75-BC0F-458F-B822-D631B852329C}.Release|x64.ActiveCfg = Release|x64
		{7B6A8E75-BC0F-458F-B822-D631B852329C}.Release|x64.Build.0 = Release|x64
		{7B6A8E75-BC0F-458F-B822-D631B852329C}.Release|x86.ActiveCfg = Release|Win32
		{7B6A8E75-BC0F-458F-B822-D631B852329C}.Release|x86.Build.0 = Release|Win32
		{B045CE22-CEC9-44B3-ACD7-5B023FACFE7A}.Debug|x64.ActiveCfg = Debug|x64
		{B045CE22-CEC9-44B3-ACD7-5B023FACFE7A}.Debug|x64.Build.0 = Debug|x64
		{B045CE22-CEC9-44B3-ACD7-5B023FACFE7A}.Debug|x86.ActiveCfg = Debug|Win32
		{B045CE22-CEC9-44B3-ACD7-5B023FACFE7A}.Debug|x86.Build.0 = Debug|Win32
		{B045CE22-CEC9-44B3-ACD7-5B023FACFE7A}.Release|x64.ActiveCfg = Release|x64
		{B045CE22-CEC9-44B3-ACD7-5B023FACFE7A}.Release|x64.Build.0 = Release|x64
		{B045CE22-CEC9-44B3-ACD7-5B023FACFE7A}.Release|x86.ActiveCfg = Release|Win32
		{B045CE22-CEC9-44B3-ACD7-5B023FACFE7A}.Release|x86.Build.0 = Release|Win32
		{E6E4227D-2911-4535-8145-5AC163F6BA4F}.Debug|x64.ActiveCfg = Debug|x64
		{E6E4227D-2911-4535-8145-5AC163F6BA4F}.Debug|x64.Build.0 = Debug|x64
		{E6E4227D-2911-4535-8145-5AC163F6BA4F}.Debug|x86.ActiveCfg = Debug|Win32
		{E6E4227D-2911-4535-8145-5AC163F6BA4F}.Debug|x86.Build.0 = Debug|Win32
		{E6E4227D-2911-4535-8145-5AC163F6BA4F}.Release|x64.ActiveCfg = Release|x64
		{E6E4227D-2911-4535-8145-5AC163F6BA4F}.Release|x64.Build.0 = Release|x64
		{E6E4227D-2911-4535-8145-5AC163F6BA4F}.Release|x86.ActiveCfg = Release|Win32
		{E6E4227D-2911-4535-8145-5AC163F6BA4F}.Release|x86.Build.0 = Release|Win32
		{9AE5A957-ED89-4C7F-9AA6-AB6DEC9B42A2}.Debug|x64.ActiveCfg = Debug|x64
		{9AE5A957-ED89-4C7F-9AA6-AB6DEC9B42A2}.Debug|x64.Build.0 = Debug|x64
		{9AE5A957-ED89-4C7F-9AA6-AB6DEC9B42A2}.Debug|x86.ActiveCfg = Debug|Win32
		{9AE5A957-ED89-4C7F-9AA6-AB6DEC9B42A2}.Debug|x86.Build.0 = Debug|Win32
		{9AE5A957-ED89-4C7F-9AA6-AB6DEC9B42A2}.Release|x64.ActiveCfg = Release|x64
		{9AE5A957-ED89-4C7F-9AA6-AB6DEC9B42A2}.Release|x64.Build.0 = Release|x64
		{9AE5A957-ED89-4C7F-9AA6-AB6DEC9B42A2}.Release|x86.ActiveCfg = Release|Win32
		{9AE5A957-ED89-4C7F-9AA6-AB6DEC9B42A2}.Release|x86.Build.0 = Release|Win32
		{DB408DB4-48A6-46C1-A3D0-AF5098F6E63B}.Debug|x64.ActiveCfg = Debug|x64
		{DB408DB4-48A6-46C1-A3D0-AF5098F6E63B}.Debug|x64.Build.0 = Debug|x64
		{DB408DB4-48A6-46C1-A3D0-AF5098F6E63B}.Debug|x86.ActiveCfg = Debug|Win32
		{DB408DB4-48A6-46C1-A3D0-AF5098F6E63B}.Debug|x86.Build.0 = Debug|Win32
		{DB408DB4-48A6-46C1-A3D0-AF5098F6E63B}.Release|x64.ActiveCfg = Release|x64
		{DB408DB4-48A6-46C1-A3D0-AF5098F6E63B}.Release|x64.Build.0 = Release|x64
		{DB408DB4-48A6-46C1-A3D0-AF5098F6E63B}.Release|x86.ActiveCfg = Release|Win32
		{DB408DB4-48A6-46C1-A3D0-AF5098F6E63B}.Release|x86.Build.0 = Release|Win32
		{F3C30A10-4DA0-4470-BE0F-9016E107F299}.Debug|x64.ActiveCfg = Debug|x64
		{F3C30A10-4DA0-4470-BE0F-9016E107F299}.Debug|x64.Build.0 = Debug|x64
		{F3C30A10-4DA0-4470-BE0F-9016E107F299}.Debug|x86.ActiveCfg = Debug|Win32
		{F3C30A10-4DA0-4470-BE0F-9016E107F299}.Debug|x86.Build.0 = Debug|Win32
		{F3C30A10-4DA0-4470-BE0F-9016E107F299}.Release|x64.ActiveCfg = Release|x64
		{F3C30A10-4DA0-4470-BE0F-9016E107F299}.Release|x64.Build.0 = Release|x64
		{F3C30A10-4DA0-4470-BE0F-9016E107F299}.Release|x86.ActiveCfg = Release|Win32
		{F3C30A10-4DA0-4470-BE0F-9016E107F299}.Release|x86.Build.0 = Release|Win32
		{35BE0C63-FFED-421D-B357-14AB97A14231}.Debug|x64.ActiveCfg = Debug|x64
		{35BE0C63-FFED-421D-B357-14AB97A14231}.Debug|x64.Build.0 = Debug|x64
		{35BE0C63-FFED-421D-B357-14AB97A14231}.Debug|x86.ActiveCfg = Debug|Win32
		{35BE0C63-FFED-421D-B357-14AB97A14231}.Debug|x86.Build.0 = Debug|Win32
		{35BE0C63-FFED-421D-B357-14AB97A14231}.Release|x64.ActiveCfg = Release|x64
		{35BE0C63-FFED-421D-B357-14AB97A14231}.Release|x64.Build.0 = Release|x64
		{35BE0C63-FFED-421D-B357-14AB97A14231}.Release|x86.ActiveCfg = Release|Win32
		{35BE0C63-FFED-421D-B357-14AB97A14231}.Release|x86.Build.0 = Release|Win32
		{CB2FB2FA-9F25-402E-9DD2-D60A002E914E}.Debug|x64.ActiveCfg = Debug|x64
		{CB2FB2FA-9F25-402E-9DD2-D60A002E914E}.Debug|x64.Build.0 = Debug|x64
		{CB2FB2FA-9F25-402E-9DD2-D60A002E914E}.Debug|x86.ActiveCfg = Debug|Win32
		{CB2FB2FA-9F25-402E-9DD2-D60A002E914E}.Debug|x86.Build.0 = Debug|Win32
		{CB2FB2FA-9F25-402E-9DD2-D60A002E914E}.Release|x64.ActiveCfg = Release|x64
		{CB2FB2FA-9F25-402E-9DD2-D60A002E914E}.Release|x64.Build.0 = Release|x64
		{CB2FB2FA-9F25-402E-9DD2-D60A002E914E}.Release|x86.ActiveCfg = Release|Win32
		{CB2FB2FA-9F25-402E-9DD2-D60A002E914E}.Release|x86.Build.0 = Release|Win32
		{ED94AE2C-C42A-48AA-9A7C-42D1961A08A0}.Debug|x64.ActiveCfg = Debug|x64
		{ED94AE2C-C42A-48AA-9A7C-42D1961A08A0}.Debug|x64.Build.0 = Debug|x64
		{ED94AE2C-C42A-48AA-9A7C-42D1961A08A0}.Debug|x86.ActiveCfg = Debug|Win32
		{ED94AE2C-C42A-48AA-9A7C-42D1961A08A0}.Debug|x86.Build.0 = Debug|Win32
		{ED94AE2C-C42A-48AA-9A7C-42D1961A08A0}.Release|x64.ActiveCfg = Release|x64
		{ED94AE2C-C42A-48AA-9A7C-42D1961A08A0}.Release|x64.Build.0 = Release|x64
		{ED94AE2C-C42A-48AA-9A7C-42D1961A08A0}.Release|x86.ActiveCfg = Release|Win32
		{ED94AE2C-C42A-48AA-9A7C-42D1961A08A0}.Release|x86.Build.0 = Release|Win32
		{26AC7064-F9B8-48C6-9499-909BFDF925AD}.Debug|x64.ActiveCfg = Debug|x64
		{26AC7064-F9B8-48C6-9499-909BFDF925AD}.Debug|x64.Build.0 = Debug|x64
		{26AC7064-F9B8-48C6-9499-909BFDF925AD}.Debug|x86.ActiveCfg = Debug|Win32
		{26AC7064-F9B8-48C6-9499-909BFDF925AD}.Debug|x86.Build.0 = Debug|Win32
		{26AC7064-F9B8-48C6-9499-909BFDF925AD}.Release|x64.ActiveCfg = Release|x64
		{26AC7064-F9B8-48C6-9499-909BFDF925AD}.Release|x64.Build.0 = Release|x64
		{26AC7064-F9B8-48C6-9499-909BFDF925AD}.Release|x86.ActiveCfg = Release|Win32
		{26AC7064-F9B8-48C6-9499-909BFDF925AD}.Release|x86.Build.0 = Release|Win32
		{DB757A57-6C2C-4F3E-9F12-9BD5C477CCE0}.Debug|x64.ActiveCfg = Debug|x64
		{DB757A57-6C2C-4F3E-9F12-9BD5C477CCE0}.Debug|x64.Build.0 = Debug|x64
		{DB757A57-6C2C-4F3E-9F12-9BD5C477CCE0}.Debug|x86.ActiveCfg = Debug|Win32
		{DB757A57-6C2C-4F3E-9F12-9BD5C477CCE0}.Debug|x86.Build.0 = Debug|Win32
		{DB757A57-6C2C-4F3E-9F12-9BD5C477CCE0}.Release|x64.ActiveCfg = Release|x64
		{DB757A57-6C2C-4F3E-9F12-9BD5C477CCE0}.Release|x64.Build.0 = Release|x64
		{DB757A57-6C2C-4F3E-9F12-9BD5C477CCE0}.Release|x86.ActiveCfg = Release|Win32
		{DB757A57-6C2C-4F3E-9F12-9BD5C477CCE0}.Release|x86.Build.0 = Release|Win32
		{AB17ECDA-4498-4966-98A4-00BC2AA8C050}.Debug|x64.ActiveCfg = Debug|x64
		{AB17ECDA-4498-4966-98A4-00BC2AA8C050}.Debug|x64.Build.0 = Debug|x64
		{AB17ECDA-4498-4966-98A4-00BC2AA8C050}.Debug|x86.ActiveCfg = Debug|Win32
		{AB17ECDA-4498-4966-98A4-00BC2AA8C050}.Debug|x86.Build.0 = Debug|Win32
		{AB17ECDA-4498-4966-98A4-00BC2AA8C050}.Release|x64.ActiveCfg = Release|x64
		{AB17ECDA-4498-4966-98A4-00BC2AA8C050}.Release|x64.Build.0 = Release|x64
		{AB17ECDA-4498-4966-98A4-00BC2AA8C050}.Release|x86.ActiveCfg = Release|Win32
		{AB17ECDA-4498-4966-98A4-00BC2AA8C050}.Release|x86.Build.0 = Release|Win32
		{43A138B7-2B11-42CE-ABB1-BC47BC7BECD6}.Debug|x64.ActiveCfg = Debug|x64
		{43A138B7-2B11-42CE-ABB1-BC47BC7BECD6}.Debug|x64.Build.0 = Debug|x64
		{43A138B7-2B11-42CE-ABB1-BC47BC7BECD6}.Debug|x86.ActiveCfg = Debug|Win32
		{43A138B7-2B11-42CE-ABB1-BC47BC7BECD6}.Debug|x86.Build.0 = Debug|Win32
		{43A138B7-2B11-42CE-ABB1-BC47BC7BECD6}.Release|x64.ActiveCfg = Release|x64
		{43A138B7-2B11-42CE-ABB1-BC47BC7BECD6}.Release|x64.Build.0 = Release|x64
		{43A138B7-2B11-42CE-ABB1-BC47BC7BECD6}.Release|x86.ActiveCfg = Release|Win32
		{43A138B7-2B11-42CE-ABB1-BC47BC7BECD6}.Release|x86.Build.0 = Release|Win32
		{07ED9F66-785B-4E88-B7D2-C59C4649D780}.Debug|x64.ActiveCfg = Debug|x64
		{07ED9F66-785B-4E88-B7D2-C59C4649D780}.Debug|x64.Build.0 = Debug|x64
		{07ED9F66-785B-4E88-B7D2-C59C4649D780}.Debug|x86.ActiveCfg = Debug|Win32
		{07ED9F66-785B-4E88-B7D2-C59C4649D780}.Debug|x86.Build.0 = Debug|Win32
		{07ED9F66-785B-4E88-B7D2-C59C4649D780}.Release|x64.ActiveCfg = Release|x64
		{07ED9F66-785B-4E88-B7D2-C59C4649D780}.Release|x64.Build.0 = Release|x64
		{07ED9F66-785B-4E88-B7D2-C59C4649D780}.Release|x86.ActiveCfg = Release|Win32
		{07ED9F66-785B-4E88-B7D2-C59C4649D780}.Release|x86.Build.0 = Release|Win32
		{CDEB757C-1B0D-48FE-B546-5A114C748340}.Debug|x64.ActiveCfg = Debug|x64
		{CDEB757C-1B0D-48FE-B546-5A114C748340}.Debug|x64.Build.0 = Debug|x64
		{CDEB757C-1B0D-48FE-B546-5A114C748340}.Debug|x86.ActiveCfg = Debug|Win32
		{CDEB757C-1B0D-48FE-B546-5A114C748340}.Debug|x86.Build.0 = Debug|Win32
		{CDEB757C-1B0D-48FE-B546-5A114C748340}.Release|x64.ActiveCfg = Release|x64
		{CDEB757C-1B0D-48FE-B546-5A114C748340}.Release|x64.Build.0 = Release|x64
		{CDEB757C-1B0D-48FE-B546-5A114C748340}.Release|x86.ActiveCfg = Release|Win32
		{CDEB757C-1B0D-48FE-B546-5A114C748340}.Release|x86.Build.0 = Release|Win32
		{537876A8-BB18-4579-873F-DCE8B031FF31}.Debug|x64.ActiveCfg = Debug|x64
		{537876A8-BB18-4579-873F-DCE8B031FF31}.Debug|x64.Build.0 = Debug|x64
		{537876A8-BB18-4579-873F-DCE8B031FF31}.Debug|x86.ActiveCfg = Debug|Win32
		{537876A8-BB18-4579-873F-DCE8B031FF31}.Debug|x86.Build.0 = Debug|Win32
		{537876A8-BB18-4579-873F-DCE8B031FF31}.Release|x64.ActiveCfg = Release|x64
		{537876A8-BB18-4579-873F-DCE8B031FF31}.Release|x64.Build.0 = Release|x64
		{537876A8-BB18-4579-873F-DCE8B031FF31}.Release|x86.ActiveCfg = Release|Win32
		{537876A8-BB18-4579-873F-DCE8B031FF31}.Release|x86.Build.0 = Release|Win32
		{7B8D03C2-7794-41F1-B160-30335766604F}.Debug|x64.ActiveCfg = Debug|x64
		{7B8D03C2-7794-41F1-B160-30335766604F}.Debug|x64.Build.0 = Debug|x64
		{7B8D03C2-7794-41F1-B160-30335766604F}.Debug|x86.ActiveCfg = Debug|Win32
		{7B8D03C2-7794-41F1-B160-30335766604F}.Debug|x86.Build.0 = Debug|Win32
		{7B8D03C2-7794-41F1-B160-30335766604F}.Release|x64.ActiveCfg = Release|x64
		{7B8D03C2-7794-41F1-B160-30335766604F}.Release|x64.Build.0 = Release|x64
		{7B8D03C2-7794-41F1-B160-30335766604F}.Release|x86.ActiveCfg = Release|Win32
		{7B8D03C2-7794-41F1-B160-30335766604F}.Release|x86.Build.0 = Release|Win32
		{6690F794-C8C9-4120-B390-487319F56940}.Debug|x64.ActiveCfg = Debug|x64
		{6690F794-C8C9-4120-B390-487319F56940}.Debug|x64.Build.0 = Debug|x64
		{6690F794-C8C9-4120-B390-487319F56940}.Debug|x86.ActiveCfg = Debug|Win32
		{6690F794-C8C9-4120-B390-487319F56940}.Debug|x86.Build.0 = Debug|Win32
		{6690F794-C8C9-4120-B390-487319F56940}.Release|x64.ActiveCfg = Release|x64
		{6690F794-C8C9-4120-B390-487319F56940}.Release|x64.Build.0 = Release|x64
		{6690F794-C8C9-4120-B390-487319F56940}.Release|x86.ActiveCfg = Release|Win32
		{6690F794-C8C9-4120-B390-487319F56940}.Release|x86.Build.0 = Release|Win32
		{EF964242-0599-4CDE-A3FC-124BBACDED86}.Debug|x64.ActiveCfg = Debug|x64
		{EF964242-0599-4CDE-A3FC-124BBACDED86}.Debug|x64.Build.0 = Debug|x64
		{EF964242-0599-4CDE-A3FC-124BBACDED86}.Debug|x86.ActiveCfg = Debug|Win32
		{EF964242-0599-4CDE-A3FC-124BBACDED86}.Debug|x86.Build.0 = Debug|Win32
		{EF964242-0599-4CDE-A3FC-124BBACDED86}.Release|x64.ActiveCfg = Release|x64
		{EF964242-0599-4CDE-A3FC-124BBACDED86}.Release|x64.Build.0 = Release|x64
		{EF964242-0599-4CDE-A3FC-124BBACDED86}.Release|x86.ActiveCfg = Release|Win32
		{EF964242-0599-4CDE-A3FC-124BBACDED86}.Release|x86.Build.0 = Release|Win32
		{66F11672-2E8C-428F-A3F9-F2287FE477E7}.Debug|x64.ActiveCfg = Debug|x64
		{66F11672-2E8C-428F-A3F9-F2287FE477E7}.Debug|x64.Build.0 = Debug|x64
		{66F11672-2E8C-428F-A3F9-F2287FE477E7}.Debug|x86.ActiveCfg = Debug|Win32
		{66F11672-2E8C-428F-A3F9-F2287FE477E7}.Debug|x86.Build.0 = Debug|Win32
		{66F11672-2E8C-428F-A3F9-F2287FE477E7}.Release|x64.ActiveCfg = Release|x64
		{66F11672-2E8C-428F-A3F9-F2287FE477E7}.Release|x64.Build.0 = Release|x64
		{66F11672-2E8C-428F-A3F9-F2287FE477E7}.Release|x86.ActiveCfg = Release|Win32
		{66F11672-2E8C-428F-A3F9-F2287FE477E7}.Release|x86.Build.0 = Release|Win32
		{0487FD89-51E7-4CE2-B37B-6E10FAEFCD9D}.Debug|x64.ActiveCfg = Debug|x64
		{0487FD89-51E7-4CE2-B37B-6E10FAEFCD9D}.Debug|x64.Build.0 = Debug|x64
		{0487FD89-51E7-4CE2-B37B-6E10FAEFCD9D}.Debug|x86.ActiveCfg = Debug|Win32
		{0487FD89-51E7-4CE2-B37B-6E10FAEFCD9D}.Debug|x86.Build.0 = Debug|Win32
		{0487FD89-51E7-4CE2-B37B-6E10FAEFCD9D}.Release|x64.ActiveCfg = Release|x64
		{0487FD89-51E7-4CE2-B37B-6E10FAEFCD9D}.Release|x64.Build.0 = Release|x64
		{0487FD89-51E7-4CE2-B37B-6E10FAEFCD9D}.Release|x86.ActiveCfg = Release|Win32
		{0487FD89-51E7-4CE2-B37B-6E10FAEFCD9D}.Release|x86.Build.0 = Release|Win32
		{67DC509C-B114-4716-9E72-3225C2795A00}.Debug|x64.ActiveCfg = Debug|x64
		{67DC509C-B114-4716-9E72-3225C2795A00}.Debug|x64.Build.0 = Debug|x64
		{67DC509C-B114-4716-9E72-3225C2795A00}.Debug|x86.ActiveCfg = Debug|Win32
		{67DC509C-B114-4716-9E72-3225C2795A00}.Debug|x86.Build.0 = Debug|Win32
		{67DC509C-B114-4716-9E72-3225C2795A00}.Release|x64.ActiveCfg = Release|x64
		{67DC509C-B114-4716-9E72-3225C2795A00}.Release|x64.Build.0 = Release|x64
		{67DC509C-B114-4716-9E72-3225C2795A00}.Release|x86.ActiveCfg = Release|Win32
		{67DC509C-B114-4716-9E72-3225C2795A00}.Release|x86.Build.0 = Release|Win32
		{CE0B68FA-61D4-42C3-A64C-888AA8F1D046}.Debug|x64.ActiveCfg = Debug|x64
		{CE0B68FA-61D4-42C3-A64C-888AA8F1D046}.Debug|x64.Build.0 = Debug|x64
		{CE0B68FA-61D4-42C3-A64C-888AA8F1D046}.Debug|x86.ActiveCfg = Debug|Win32
		{CE0B68FA-61D4-42C3-A64C-888AA8F1D046}.Debug|x86.Build.0 = Debug|Win32
		{CE0B68FA-61D4-42C3-A64C-888AA8F1D046}.Release|x64.ActiveCfg = Release|x64
		{CE0B68FA-61D4-42C3-A64C-888AA8F1D046}.Release|x64.Build.0 = Release|x64
		{CE0B68FA-61D4-42C3-A64C-888AA8F1D046}.Release|x86.ActiveCfg = Release|Win32
		{CE0B68FA-61D4-42C3-A64C-888AA8F1D046}.Release|x86.Build.0 = Release|Win32
		{375D2A35-E481-449E-92D0-9B4C3165A642}.Debug|x64.ActiveCfg = Debug|x64
		{375D2A35-E481-449E-92D0-9B4C3165A642}.Debug|x64.Build.0 = Debug|x64
		{375D2A35-E481-449E-92D0-9B4C3165A642}.Debug|x86.ActiveCfg = Debug|Win32
		{375D2A35-E481-449E-92D0-9B4C3165A642}.Debug|x86.Build.0 = Debug|Win32
		{375D2A35-E481-449E-92D0-9B4C3165A642}.Release|x64.ActiveCfg = Release|x64
		{375D2A35-E481-449E-92D0-9B4C3165A642}.Release|x64.Build.0 = Release|x64
		{375D2A35-E481-449E-92D0-9B4C3165A642}.Release|x86.ActiveCfg = Release|Win32
		{375D2A35-E481-449E-92D0-9B4C3165A642}.Release|x86.Build.0 = Release|Win32
		{11063B63-9084-49CA-BB4E-69D8ED87ACB8}.Debug|x64.ActiveCfg = Debug|x64
		{11063B63-9084-49CA-BB4E-69D8ED87ACB8}.Debug|x64.Build.0 = Debug|x64
		{11063B63-9084-49CA-BB4E-69D8ED87ACB8}.Debug|x86.ActiveCfg = Debug|Win32
		{11063B63-9084-49CA-BB4E-69D8ED87ACB8}.Debug|x86.Build.0 = Debug|Win32
		{11063B63-9084-49CA-BB4E-69D8ED87ACB8}.Release|x64.ActiveCfg = Release|x64
		{11063B63-9084-49CA-BB4E-69D8ED87ACB8}.Release|x64.Build.0 = Release|x64
		{11063B63-9084-49CA-BB4E-69D8ED87ACB8}.Release|x86.ActiveCfg = Release|Win32
		{11063B63-9084-49CA-BB4E-69D8ED87ACB8}.Release|x86.Build.0 = Release|Win32
		{289CAB52-0C78-4274-9473-57270EAEB225}.Debug|x64.ActiveCfg = Debug|x64
		{289CAB52-0C78-4274-9473-57270EAEB225}.Debug|x64.Build.0 = Debug|x64
		{289CAB52-0C78-4274-9473-57270EAEB225}.Debug|x86.ActiveCfg = Debug|Win32
		{289CAB52-0C78-4274-9473-57270EAEB225}.Debug|x86.Build.0 = Debug|Win32
		{289CAB52-0C78-4274-9473-57270EAEB225}.Release|x64.ActiveCfg = Release|x64
		{289CAB52-0C78-4274-9473-57270EAEB225}.Release|x64.Build.0 = Release|x64
		{289CAB52-0C78-4274-9473-57270EAEB225}.Release|x86.ActiveCfg = Release|Win32
		{289CAB52-0C78-4274-9473-57270EAEB225}.Release|x86.Build.0 = Release|Win32
		{17EA184F-4190-4520-A87F-9EA4CE19E917}.Debug|x64.ActiveCfg = Debug|x64
		{17EA184F-4190-4520-A87F-9EA4CE19E917}.Debug|x64.Build.0 = Debug|x64
		{17EA184F-4190-4520-A87F-9EA4CE19E917}.Debug|x86.ActiveCfg = Debug|Win32
		{17EA184F-4190-4520-A87F-9EA4CE19E917}.Debug|x86.Build.0 = Debug|Win32
		{17EA184F-4190-4520-A87F-9EA4CE19E917}.Release|x64.ActiveCfg = Release|x64
		{17EA184F-4190-4520-A87F-9EA4CE19E917}.Release|x64.Build.0 = Release|x64
		{17EA184F-4190-4520-A87F-9EA4CE19E917}.Release|x86.ActiveCfg = Release|Win32
		{17EA184F-4190-4520-A87F-9EA4CE19E917}.Release|x86.Build.0 = Release|Win32
		{738FB43D-2215-4A6D-9589-60116639AC01}.Debug|x64.ActiveCfg = Debug|x64
		{738FB43D-2215-4A6D-9589-60116639AC01}.Debug|x64.Build.0 = Debug|x64
		{738FB43D-2215-4A6D-9589-60116639AC01}.Debug|x86.ActiveCfg = Debug|Win32
		{738FB43D-2215-4A6D-9589-60116639AC01}.Debug|x86.Build.0 = Debug|Win32
		{738FB43D-2215-4A6D-9589-60116639AC01}.Release|x64.ActiveCfg = Release|x64
		{738FB43D-2215-4A6D-9589-60116639AC01}.Release|x64.Build.0 = Release|x64
		{738FB43D-2215-4A6D-9589-60116639AC01}.Release|x86.ActiveCfg = Release|Win32
		{738FB43D-2215-4A6D-9589-60116639AC01}.Release|x86.Build.0 = Release|Win32
		{3296DEEF-6322-4995-BE1E-C02908C0C97E}.Debug|x64.ActiveCfg = Debug|x64
		{3296DEEF-6322-4995-BE1E-C02908C0C97E}.Debug|x64.Build.0 = Debug|x64
		{3296DEEF-6322-4995-BE1E-C02908C0C97E}.Debug|x86.ActiveCfg = Debug|Win32
		{3296DEEF-6322-4995-BE1E-C02908C0C97E}.Debug|x86.Build.0 = Debug|Win32
		{3296DEEF-6322-4995-BE1E-C02908C0C97E}.Release|x64.ActiveCfg = Release|x64
		{3296DEEF-6322-4995-BE1E-C02908C0C97E}.Release|x64.Build.0 = Release|x64
		{3296DEEF-6322-4995-BE1E-C02908C0C97E}.Release|x86.ActiveCfg = Release|Win32
		{3296DEEF-6322-4995-BE1E-C02908C0C97E}.Release|x86.Build.0 = Release|Win32
		{D214624D-A994-41D8-8CE1-1DA777856556}.Debug|x64.ActiveCfg = Debug|x64
		{D214624D-A994-41D8-8CE1-1DA777856556}.Debug|x64.Build.0 = Debug|x64
		{D214624D-A994-41D8-8CE1-1DA777856556}.Debug|x86.ActiveCfg = Debug|Win32
		{D214624D-A994-41D8-8CE1-1DA777856556}.Debug|x86.Build.0 = Debug|Win32
		{D214624D-A994-41D8-8CE1-1DA777856556}.Release|x64.ActiveCfg = Release|x64
		{D214624D-A994-41D8-8CE1-1DA777856556}.Release|x64.Build.0 = Release|x64
		{D214624D-A994-41D8-8CE1-1DA777856556}.Release|x86.ActiveCfg = Release|Win32
		{D214624D-A994-41D8-8CE1-1DA777856556}.Release|x86.Build.0 = Release|Win32
		{BB9D0292-5BA2-481E-AC0F-0DBFCE0D9F0C}.Debug|x64.ActiveCfg = Debug|x64
		{BB9D0292-5BA2-481E-AC0F-0DBFCE0D9F0C}.Debug|x64.Build.0 = Debug|x64
		{BB9D0292-5BA2-481E-AC0F-0DBFCE0D9F0C}.Debug|x86.ActiveCfg = Debug|Win32
		{BB9D0292-5BA2-481E-AC0F-0DBFCE0D9F0C}.Debug|x86.Build.0 = Debug|Win32
		{BB9D0292-5BA2-481E-AC0F-0DBFCE0D9F0C}.Release|x64.ActiveCfg = Release|x64
		{BB9D0292-5BA2-481E-AC0F-0DBFCE0D9F0C}.Release|x64.Build.0 = Release|x64
		{BB9D0292-5BA2-481E-AC0F-0DBFCE0D9F0C}.Release|x86.ActiveCfg = Release|Win32
		{BB9D0292-5BA2-481E-AC0F-0DBFCE0D9F0C}.Release|x86.Build.0 = Release|Win32
	EndGlobalSection
	GlobalSection(SolutionProperties) = preSolution
		HideSolutionNode = FALSE
	EndGlobalSection
	GlobalSection(ExtensibilityGlobals) = postSolution
		SolutionGuid = {18FD2E43-C9F3-4E31-9B77-51C51E32C056}
	EndGlobalSection
EndGlobal
